// !$*UTF8*$!
{
	archiveVersion = 1;
	classes = {
	};
	objectVersion = 46;
	objects = {

/* Begin PBXBuildFile section */
		D61F6D971EFA57D600DF71A8 /* UILabel+QWSpacing.m in Sources */ = {isa = PBXBuildFile; fileRef = D61F6D961EFA57D600DF71A8 /* UILabel+QWSpacing.m */; };
		D61F6D9A1EFA582A00DF71A8 /* UIApplication+QWWindow.m in Sources */ = {isa = PBXBuildFile; fileRef = D61F6D991EFA582A00DF71A8 /* UIApplication+QWWindow.m */; };
		D656EBF01EF7BCF800752445 /* main.m in Sources */ = {isa = PBXBuildFile; fileRef = D656EBEF1EF7BCF800752445 /* main.m */; };
		D656EBF31EF7BCF800752445 /* AppDelegate.m in Sources */ = {isa = PBXBuildFile; fileRef = D656EBF21EF7BCF800752445 /* AppDelegate.m */; };
		D656EBF61EF7BCF800752445 /* ViewController.m in Sources */ = {isa = PBXBuildFile; fileRef = D656EBF51EF7BCF800752445 /* ViewController.m */; };
		D656EBF91EF7BCF800752445 /* Main.storyboard in Resources */ = {isa = PBXBuildFile; fileRef = D656EBF71EF7BCF800752445 /* Main.storyboard */; };
		D656EBFB1EF7BCF900752445 /* Assets.xcassets in Resources */ = {isa = PBXBuildFile; fileRef = D656EBFA1EF7BCF900752445 /* Assets.xcassets */; };
		D656EBFE1EF7BCF900752445 /* LaunchScreen.storyboard in Resources */ = {isa = PBXBuildFile; fileRef = D656EBFC1EF7BCF900752445 /* LaunchScreen.storyboard */; };
		D656EC091EF7BCF900752445 /* QWAlertTests.m in Sources */ = {isa = PBXBuildFile; fileRef = D656EC081EF7BCF900752445 /* QWAlertTests.m */; };
		D656EC141EF7BCF900752445 /* QWAlertUITests.m in Sources */ = {isa = PBXBuildFile; fileRef = D656EC131EF7BCF900752445 /* QWAlertUITests.m */; };
		D656EC231EF7BD1B00752445 /* QWAlertView.m in Sources */ = {isa = PBXBuildFile; fileRef = D656EC221EF7BD1B00752445 /* QWAlertView.m */; };
		D697B9F11EF8FB5C00A2CDD9 /* QWAlertConst.m in Sources */ = {isa = PBXBuildFile; fileRef = D697B9F01EF8FB5C00A2CDD9 /* QWAlertConst.m */; };
/* End PBXBuildFile section */

/* Begin PBXContainerItemProxy section */
		D656EC051EF7BCF900752445 /* PBXContainerItemProxy */ = {
			isa = PBXContainerItemProxy;
			containerPortal = D656EBE31EF7BCF800752445 /* Project object */;
			proxyType = 1;
			remoteGlobalIDString = D656EBEA1EF7BCF800752445;
			remoteInfo = QWAlert;
		};
		D656EC101EF7BCF900752445 /* PBXContainerItemProxy */ = {
			isa = PBXContainerItemProxy;
			containerPortal = D656EBE31EF7BCF800752445 /* Project object */;
			proxyType = 1;
			remoteGlobalIDString = D656EBEA1EF7BCF800752445;
			remoteInfo = QWAlert;
		};
/* End PBXContainerItemProxy section */

/* Begin PBXFileReference section */
		D61F6D951EFA57D600DF71A8 /* UILabel+QWSpacing.h */ = {isa = PBXFileReference; fileEncoding = 4; lastKnownFileType = sourcecode.c.h; path = "UILabel+QWSpacing.h"; sourceTree = "<group>"; };
		D61F6D961EFA57D600DF71A8 /* UILabel+QWSpacing.m */ = {isa = PBXFileReference; fileEncoding = 4; lastKnownFileType = sourcecode.c.objc; path = "UILabel+QWSpacing.m"; sourceTree = "<group>"; };
		D61F6D981EFA582A00DF71A8 /* UIApplication+QWWindow.h */ = {isa = PBXFileReference; fileEncoding = 4; lastKnownFileType = sourcecode.c.h; path = "UIApplication+QWWindow.h"; sourceTree = "<group>"; };
		D61F6D991EFA582A00DF71A8 /* UIApplication+QWWindow.m */ = {isa = PBXFileReference; fileEncoding = 4; lastKnownFileType = sourcecode.c.objc; path = "UIApplication+QWWindow.m"; sourceTree = "<group>"; };
		D656EBEB1EF7BCF800752445 /* QWAlert.app */ = {isa = PBXFileReference; explicitFileType = wrapper.application; includeInIndex = 0; path = QWAlert.app; sourceTree = BUILT_PRODUCTS_DIR; };
		D656EBEF1EF7BCF800752445 /* main.m */ = {isa = PBXFileReference; lastKnownFileType = sourcecode.c.objc; path = main.m; sourceTree = "<group>"; };
		D656EBF11EF7BCF800752445 /* AppDelegate.h */ = {isa = PBXFileReference; lastKnownFileType = sourcecode.c.h; path = AppDelegate.h; sourceTree = "<group>"; };
		D656EBF21EF7BCF800752445 /* AppDelegate.m */ = {isa = PBXFileReference; lastKnownFileType = sourcecode.c.objc; path = AppDelegate.m; sourceTree = "<group>"; };
		D656EBF41EF7BCF800752445 /* ViewController.h */ = {isa = PBXFileReference; lastKnownFileType = sourcecode.c.h; path = ViewController.h; sourceTree = "<group>"; };
		D656EBF51EF7BCF800752445 /* ViewController.m */ = {isa = PBXFileReference; lastKnownFileType = sourcecode.c.objc; path = ViewController.m; sourceTree = "<group>"; };
		D656EBF81EF7BCF800752445 /* Base */ = {isa = PBXFileReference; lastKnownFileType = file.storyboard; name = Base; path = Base.lproj/Main.storyboard; sourceTree = "<group>"; };
		D656EBFA1EF7BCF900752445 /* Assets.xcassets */ = {isa = PBXFileReference; lastKnownFileType = folder.assetcatalog; path = Assets.xcassets; sourceTree = "<group>"; };
		D656EBFD1EF7BCF900752445 /* Base */ = {isa = PBXFileReference; lastKnownFileType = file.storyboard; name = Base; path = Base.lproj/LaunchScreen.storyboard; sourceTree = "<group>"; };
		D656EBFF1EF7BCF900752445 /* Info.plist */ = {isa = PBXFileReference; lastKnownFileType = text.plist.xml; path = Info.plist; sourceTree = "<group>"; };
		D656EC041EF7BCF900752445 /* QWAlertTests.xctest */ = {isa = PBXFileReference; explicitFileType = wrapper.cfbundle; includeInIndex = 0; path = QWAlertTests.xctest; sourceTree = BUILT_PRODUCTS_DIR; };
		D656EC081EF7BCF900752445 /* QWAlertTests.m */ = {isa = PBXFileReference; lastKnownFileType = sourcecode.c.objc; path = QWAlertTests.m; sourceTree = "<group>"; };
		D656EC0A1EF7BCF900752445 /* Info.plist */ = {isa = PBXFileReference; lastKnownFileType = text.plist.xml; path = Info.plist; sourceTree = "<group>"; };
		D656EC0F1EF7BCF900752445 /* QWAlertUITests.xctest */ = {isa = PBXFileReference; explicitFileType = wrapper.cfbundle; includeInIndex = 0; path = QWAlertUITests.xctest; sourceTree = BUILT_PRODUCTS_DIR; };
		D656EC131EF7BCF900752445 /* QWAlertUITests.m */ = {isa = PBXFileReference; lastKnownFileType = sourcecode.c.objc; path = QWAlertUITests.m; sourceTree = "<group>"; };
		D656EC151EF7BCF900752445 /* Info.plist */ = {isa = PBXFileReference; lastKnownFileType = text.plist.xml; path = Info.plist; sourceTree = "<group>"; };
		D656EC211EF7BD1B00752445 /* QWAlertView.h */ = {isa = PBXFileReference; fileEncoding = 4; lastKnownFileType = sourcecode.c.h; path = QWAlertView.h; sourceTree = "<group>"; };
		D656EC221EF7BD1B00752445 /* QWAlertView.m */ = {isa = PBXFileReference; fileEncoding = 4; lastKnownFileType = sourcecode.c.objc; path = QWAlertView.m; sourceTree = "<group>"; };
		D697B9EF1EF8FB5C00A2CDD9 /* QWAlertConst.h */ = {isa = PBXFileReference; fileEncoding = 4; lastKnownFileType = sourcecode.c.h; path = QWAlertConst.h; sourceTree = "<group>"; };
		D697B9F01EF8FB5C00A2CDD9 /* QWAlertConst.m */ = {isa = PBXFileReference; fileEncoding = 4; lastKnownFileType = sourcecode.c.objc; path = QWAlertConst.m; sourceTree = "<group>"; };
/* End PBXFileReference section */

/* Begin PBXFrameworksBuildPhase section */
		D656EBE81EF7BCF800752445 /* Frameworks */ = {
			isa = PBXFrameworksBuildPhase;
			buildActionMask = 2147483647;
			files = (
			);
			runOnlyForDeploymentPostprocessing = 0;
		};
		D656EC011EF7BCF900752445 /* Frameworks */ = {
			isa = PBXFrameworksBuildPhase;
			buildActionMask = 2147483647;
			files = (
			);
			runOnlyForDeploymentPostprocessing = 0;
		};
		D656EC0C1EF7BCF900752445 /* Frameworks */ = {
			isa = PBXFrameworksBuildPhase;
			buildActionMask = 2147483647;
			files = (
			);
			runOnlyForDeploymentPostprocessing = 0;
		};
/* End PBXFrameworksBuildPhase section */

/* Begin PBXGroup section */
		D656EBE21EF7BCF800752445 = {
			isa = PBXGroup;
			children = (
				D656EBED1EF7BCF800752445 /* QWAlert */,
				D656EC071EF7BCF900752445 /* QWAlertTests */,
				D656EC121EF7BCF900752445 /* QWAlertUITests */,
				D656EBEC1EF7BCF800752445 /* Products */,
			);
			sourceTree = "<group>";
		};
		D656EBEC1EF7BCF800752445 /* Products */ = {
			isa = PBXGroup;
			children = (
				D656EBEB1EF7BCF800752445 /* QWAlert.app */,
				D656EC041EF7BCF900752445 /* QWAlertTests.xctest */,
				D656EC0F1EF7BCF900752445 /* QWAlertUITests.xctest */,
			);
			name = Products;
			sourceTree = "<group>";
		};
		D656EBED1EF7BCF800752445 /* QWAlert */ = {
			isa = PBXGroup;
			children = (
				D656EBF11EF7BCF800752445 /* AppDelegate.h */,
				D656EBF21EF7BCF800752445 /* AppDelegate.m */,
				D656EBF41EF7BCF800752445 /* ViewController.h */,
				D656EBF51EF7BCF800752445 /* ViewController.m */,
				D656EBF71EF7BCF800752445 /* Main.storyboard */,
				D656EBFA1EF7BCF900752445 /* Assets.xcassets */,
				D656EBFC1EF7BCF900752445 /* LaunchScreen.storyboard */,
				D656EBFF1EF7BCF900752445 /* Info.plist */,
				D656EBEE1EF7BCF800752445 /* Supporting Files */,
				D656EC211EF7BD1B00752445 /* QWAlertView.h */,
				D656EC221EF7BD1B00752445 /* QWAlertView.m */,
				D697B9EF1EF8FB5C00A2CDD9 /* QWAlertConst.h */,
				D697B9F01EF8FB5C00A2CDD9 /* QWAlertConst.m */,
				D61F6D951EFA57D600DF71A8 /* UILabel+QWSpacing.h */,
				D61F6D961EFA57D600DF71A8 /* UILabel+QWSpacing.m */,
				D61F6D981EFA582A00DF71A8 /* UIApplication+QWWindow.h */,
				D61F6D991EFA582A00DF71A8 /* UIApplication+QWWindow.m */,
			);
			path = QWAlert;
			sourceTree = "<group>";
		};
		D656EBEE1EF7BCF800752445 /* Supporting Files */ = {
			isa = PBXGroup;
			children = (
				D656EBEF1EF7BCF800752445 /* main.m */,
			);
			name = "Supporting Files";
			sourceTree = "<group>";
		};
		D656EC071EF7BCF900752445 /* QWAlertTests */ = {
			isa = PBXGroup;
			children = (
				D656EC081EF7BCF900752445 /* QWAlertTests.m */,
				D656EC0A1EF7BCF900752445 /* Info.plist */,
			);
			path = QWAlertTests;
			sourceTree = "<group>";
		};
		D656EC121EF7BCF900752445 /* QWAlertUITests */ = {
			isa = PBXGroup;
			children = (
				D656EC131EF7BCF900752445 /* QWAlertUITests.m */,
				D656EC151EF7BCF900752445 /* Info.plist */,
			);
			path = QWAlertUITests;
			sourceTree = "<group>";
		};
/* End PBXGroup section */

/* Begin PBXNativeTarget section */
		D656EBEA1EF7BCF800752445 /* QWAlert */ = {
			isa = PBXNativeTarget;
			buildConfigurationList = D656EC181EF7BCF900752445 /* Build configuration list for PBXNativeTarget "QWAlert" */;
			buildPhases = (
				D656EBE71EF7BCF800752445 /* Sources */,
				D656EBE81EF7BCF800752445 /* Frameworks */,
				D656EBE91EF7BCF800752445 /* Resources */,
			);
			buildRules = (
			);
			dependencies = (
			);
			name = QWAlert;
			productName = QWAlert;
			productReference = D656EBEB1EF7BCF800752445 /* QWAlert.app */;
			productType = "com.apple.product-type.application";
		};
		D656EC031EF7BCF900752445 /* QWAlertTests */ = {
			isa = PBXNativeTarget;
			buildConfigurationList = D656EC1B1EF7BCF900752445 /* Build configuration list for PBXNativeTarget "QWAlertTests" */;
			buildPhases = (
				D656EC001EF7BCF900752445 /* Sources */,
				D656EC011EF7BCF900752445 /* Frameworks */,
				D656EC021EF7BCF900752445 /* Resources */,
			);
			buildRules = (
			);
			dependencies = (
				D656EC061EF7BCF900752445 /* PBXTargetDependency */,
			);
			name = QWAlertTests;
			productName = QWAlertTests;
			productReference = D656EC041EF7BCF900752445 /* QWAlertTests.xctest */;
			productType = "com.apple.product-type.bundle.unit-test";
		};
		D656EC0E1EF7BCF900752445 /* QWAlertUITests */ = {
			isa = PBXNativeTarget;
			buildConfigurationList = D656EC1E1EF7BCF900752445 /* Build configuration list for PBXNativeTarget "QWAlertUITests" */;
			buildPhases = (
				D656EC0B1EF7BCF900752445 /* Sources */,
				D656EC0C1EF7BCF900752445 /* Frameworks */,
				D656EC0D1EF7BCF900752445 /* Resources */,
			);
			buildRules = (
			);
			dependencies = (
				D656EC111EF7BCF900752445 /* PBXTargetDependency */,
			);
			name = QWAlertUITests;
			productName = QWAlertUITests;
			productReference = D656EC0F1EF7BCF900752445 /* QWAlertUITests.xctest */;
			productType = "com.apple.product-type.bundle.ui-testing";
		};
/* End PBXNativeTarget section */

/* Begin PBXProject section */
		D656EBE31EF7BCF800752445 /* Project object */ = {
			isa = PBXProject;
			attributes = {
				LastUpgradeCheck = 0830;
				ORGANIZATIONNAME = XMQ;
				TargetAttributes = {
					D656EBEA1EF7BCF800752445 = {
						CreatedOnToolsVersion = 8.3.2;
						DevelopmentTeam = 4NX3YUDPS4;
						ProvisioningStyle = Automatic;
					};
					D656EC031EF7BCF900752445 = {
						CreatedOnToolsVersion = 8.3.2;
						ProvisioningStyle = Automatic;
						TestTargetID = D656EBEA1EF7BCF800752445;
					};
					D656EC0E1EF7BCF900752445 = {
						CreatedOnToolsVersion = 8.3.2;
						ProvisioningStyle = Automatic;
						TestTargetID = D656EBEA1EF7BCF800752445;
					};
				};
			};
			buildConfigurationList = D656EBE61EF7BCF800752445 /* Build configuration list for PBXProject "QWAlert" */;
			compatibilityVersion = "Xcode 3.2";
			developmentRegion = English;
			hasScannedForEncodings = 0;
			knownRegions = (
				en,
				Base,
			);
			mainGroup = D656EBE21EF7BCF800752445;
			productRefGroup = D656EBEC1EF7BCF800752445 /* Products */;
			projectDirPath = "";
			projectRoot = "";
			targets = (
				D656EBEA1EF7BCF800752445 /* QWAlert */,
				D656EC031EF7BCF900752445 /* QWAlertTests */,
				D656EC0E1EF7BCF900752445 /* QWAlertUITests */,
			);
		};
/* End PBXProject section */

/* Begin PBXResourcesBuildPhase section */
		D656EBE91EF7BCF800752445 /* Resources */ = {
			isa = PBXResourcesBuildPhase;
			buildActionMask = 2147483647;
			files = (
				D656EBFE1EF7BCF900752445 /* LaunchScreen.storyboard in Resources */,
				D656EBFB1EF7BCF900752445 /* Assets.xcassets in Resources */,
				D656EBF91EF7BCF800752445 /* Main.storyboard in Resources */,
			);
			runOnlyForDeploymentPostprocessing = 0;
		};
		D656EC021EF7BCF900752445 /* Resources */ = {
			isa = PBXResourcesBuildPhase;
			buildActionMask = 2147483647;
			files = (
			);
			runOnlyForDeploymentPostprocessing = 0;
		};
		D656EC0D1EF7BCF900752445 /* Resources */ = {
			isa = PBXResourcesBuildPhase;
			buildActionMask = 2147483647;
			files = (
			);
			runOnlyForDeploymentPostprocessing = 0;
		};
/* End PBXResourcesBuildPhase section */

/* Begin PBXSourcesBuildPhase section */
		D656EBE71EF7BCF800752445 /* Sources */ = {
			isa = PBXSourcesBuildPhase;
			buildActionMask = 2147483647;
			files = (
				D61F6D9A1EFA582A00DF71A8 /* UIApplication+QWWindow.m in Sources */,
				D656EBF61EF7BCF800752445 /* ViewController.m in Sources */,
				D656EBF31EF7BCF800752445 /* AppDelegate.m in Sources */,
				D61F6D971EFA57D600DF71A8 /* UILabel+QWSpacing.m in Sources */,
				D697B9F11EF8FB5C00A2CDD9 /* QWAlertConst.m in Sources */,
				D656EBF01EF7BCF800752445 /* main.m in Sources */,
				D656EC231EF7BD1B00752445 /* QWAlertView.m in Sources */,
			);
			runOnlyForDeploymentPostprocessing = 0;
		};
		D656EC001EF7BCF900752445 /* Sources */ = {
			isa = PBXSourcesBuildPhase;
			buildActionMask = 2147483647;
			files = (
				D656EC091EF7BCF900752445 /* QWAlertTests.m in Sources */,
			);
			runOnlyForDeploymentPostprocessing = 0;
		};
		D656EC0B1EF7BCF900752445 /* Sources */ = {
			isa = PBXSourcesBuildPhase;
			buildActionMask = 2147483647;
			files = (
				D656EC141EF7BCF900752445 /* QWAlertUITests.m in Sources */,
			);
			runOnlyForDeploymentPostprocessing = 0;
		};
/* End PBXSourcesBuildPhase section */

/* Begin PBXTargetDependency section */
		D656EC061EF7BCF900752445 /* PBXTargetDependency */ = {
			isa = PBXTargetDependency;
			target = D656EBEA1EF7BCF800752445 /* QWAlert */;
			targetProxy = D656EC051EF7BCF900752445 /* PBXContainerItemProxy */;
		};
		D656EC111EF7BCF900752445 /* PBXTargetDependency */ = {
			isa = PBXTargetDependency;
			target = D656EBEA1EF7BCF800752445 /* QWAlert */;
			targetProxy = D656EC101EF7BCF900752445 /* PBXContainerItemProxy */;
		};
/* End PBXTargetDependency section */

/* Begin PBXVariantGroup section */
		D656EBF71EF7BCF800752445 /* Main.storyboard */ = {
			isa = PBXVariantGroup;
			children = (
				D656EBF81EF7BCF800752445 /* Base */,
			);
			name = Main.storyboard;
			sourceTree = "<group>";
		};
		D656EBFC1EF7BCF900752445 /* LaunchScreen.storyboard */ = {
			isa = PBXVariantGroup;
			children = (
				D656EBFD1EF7BCF900752445 /* Base */,
			);
			name = LaunchScreen.storyboard;
			sourceTree = "<group>";
		};
/* End PBXVariantGroup section */

/* Begin XCBuildConfiguration section */
		D656EC161EF7BCF900752445 /* Debug */ = {
			isa = XCBuildConfiguration;
			buildSettings = {
				ALWAYS_SEARCH_USER_PATHS = NO;
				CLANG_ANALYZER_NONNULL = YES;
				CLANG_ANALYZER_NUMBER_OBJECT_CONVERSION = YES_AGGRESSIVE;
				CLANG_CXX_LANGUAGE_STANDARD = "gnu++0x";
				CLANG_CXX_LIBRARY = "libc++";
				CLANG_ENABLE_MODULES = YES;
				CLANG_ENABLE_OBJC_ARC = YES;
				CLANG_WARN_BOOL_CONVERSION = YES;
				CLANG_WARN_CONSTANT_CONVERSION = YES;
				CLANG_WARN_DIRECT_OBJC_ISA_USAGE = YES_ERROR;
				CLANG_WARN_DOCUMENTATION_COMMENTS = YES;
				CLANG_WARN_EMPTY_BODY = YES;
				CLANG_WARN_ENUM_CONVERSION = YES;
				CLANG_WARN_INFINITE_RECURSION = YES;
				CLANG_WARN_INT_CONVERSION = YES;
				CLANG_WARN_OBJC_ROOT_CLASS = YES_ERROR;
				CLANG_WARN_SUSPICIOUS_MOVE = YES;
				CLANG_WARN_UNREACHABLE_CODE = YES;
				CLANG_WARN__DUPLICATE_METHOD_MATCH = YES;
				"CODE_SIGN_IDENTITY[sdk=iphoneos*]" = "iPhone Developer";
				COPY_PHASE_STRIP = NO;
				DEBUG_INFORMATION_FORMAT = dwarf;
				ENABLE_STRICT_OBJC_MSGSEND = YES;
				ENABLE_TESTABILITY = YES;
				GCC_C_LANGUAGE_STANDARD = gnu99;
				GCC_DYNAMIC_NO_PIC = NO;
				GCC_NO_COMMON_BLOCKS = YES;
				GCC_OPTIMIZATION_LEVEL = 0;
				GCC_PREPROCESSOR_DEFINITIONS = (
					"DEBUG=1",
					"$(inherited)",
				);
				GCC_WARN_64_TO_32_BIT_CONVERSION = YES;
				GCC_WARN_ABOUT_RETURN_TYPE = YES_ERROR;
				GCC_WARN_UNDECLARED_SELECTOR = YES;
				GCC_WARN_UNINITIALIZED_AUTOS = YES_AGGRESSIVE;
				GCC_WARN_UNUSED_FUNCTION = YES;
				GCC_WARN_UNUSED_VARIABLE = YES;
				IPHONEOS_DEPLOYMENT_TARGET = 10.3;
				MTL_ENABLE_DEBUG_INFO = YES;
				ONLY_ACTIVE_ARCH = YES;
				SDKROOT = iphoneos;
				TARGETED_DEVICE_FAMILY = "1,2";
			};
			name = Debug;
		};
		D656EC171EF7BCF900752445 /* Release */ = {
			isa = XCBuildConfiguration;
			buildSettings = {
				ALWAYS_SEARCH_USER_PATHS = NO;
				CLANG_ANALYZER_NONNULL = YES;
				CLANG_ANALYZER_NUMBER_OBJECT_CONVERSION = YES_AGGRESSIVE;
				CLANG_CXX_LANGUAGE_STANDARD = "gnu++0x";
				CLANG_CXX_LIBRARY = "libc++";
				CLANG_ENABLE_MODULES = YES;
				CLANG_ENABLE_OBJC_ARC = YES;
				CLANG_WARN_BOOL_CONVERSION = YES;
				CLANG_WARN_CONSTANT_CONVERSION = YES;
				CLANG_WARN_DIRECT_OBJC_ISA_USAGE = YES_ERROR;
				CLANG_WARN_DOCUMENTATION_COMMENTS = YES;
				CLANG_WARN_EMPTY_BODY = YES;
				CLANG_WARN_ENUM_CONVERSION = YES;
				CLANG_WARN_INFINITE_RECURSION = YES;
				CLANG_WARN_INT_CONVERSION = YES;
				CLANG_WARN_OBJC_ROOT_CLASS = YES_ERROR;
				CLANG_WARN_SUSPICIOUS_MOVE = YES;
				CLANG_WARN_UNREACHABLE_CODE = YES;
				CLANG_WARN__DUPLICATE_METHOD_MATCH = YES;
				"CODE_SIGN_IDENTITY[sdk=iphoneos*]" = "iPhone Developer";
				COPY_PHASE_STRIP = NO;
				DEBUG_INFORMATION_FORMAT = "dwarf-with-dsym";
				ENABLE_NS_ASSERTIONS = NO;
				ENABLE_STRICT_OBJC_MSGSEND = YES;
				GCC_C_LANGUAGE_STANDARD = gnu99;
				GCC_NO_COMMON_BLOCKS = YES;
				GCC_WARN_64_TO_32_BIT_CONVERSION = YES;
				GCC_WARN_ABOUT_RETURN_TYPE = YES_ERROR;
				GCC_WARN_UNDECLARED_SELECTOR = YES;
				GCC_WARN_UNINITIALIZED_AUTOS = YES_AGGRESSIVE;
				GCC_WARN_UNUSED_FUNCTION = YES;
				GCC_WARN_UNUSED_VARIABLE = YES;
				IPHONEOS_DEPLOYMENT_TARGET = 10.3;
				MTL_ENABLE_DEBUG_INFO = NO;
				SDKROOT = iphoneos;
				TARGETED_DEVICE_FAMILY = "1,2";
				VALIDATE_PRODUCT = YES;
			};
			name = Release;
		};
		D656EC191EF7BCF900752445 /* Debug */ = {
			isa = XCBuildConfiguration;
			buildSettings = {
				ASSETCATALOG_COMPILER_APPICON_NAME = AppIcon;
				DEVELOPMENT_TEAM = 4NX3YUDPS4;
				INFOPLIST_FILE = QWAlert/Info.plist;
				LD_RUNPATH_SEARCH_PATHS = "$(inherited) @executable_path/Frameworks";
				PRODUCT_BUNDLE_IDENTIFIER = com.xiaomaoqiu.QWAlert;
				PRODUCT_NAME = "$(TARGET_NAME)";
			};
			name = Debug;
		};
		D656EC1A1EF7BCF900752445 /* Release */ = {
			isa = XCBuildConfiguration;
			buildSettings = {
				ASSETCATALOG_COMPILER_APPICON_NAME = AppIcon;
				DEVELOPMENT_TEAM = 4NX3YUDPS4;
				INFOPLIST_FILE = QWAlert/Info.plist;
				LD_RUNPATH_SEARCH_PATHS = "$(inherited) @executable_path/Frameworks";
				PRODUCT_BUNDLE_IDENTIFIER = com.xiaomaoqiu.QWAlert;
				PRODUCT_NAME = "$(TARGET_NAME)";
			};
			name = Release;
		};
		D656EC1C1EF7BCF900752445 /* Debug */ = {
			isa = XCBuildConfiguration;
			buildSettings = {
				BUNDLE_LOADER = "$(TEST_HOST)";
				INFOPLIST_FILE = QWAlertTests/Info.plist;
				LD_RUNPATH_SEARCH_PATHS = "$(inherited) @executable_path/Frameworks @loader_path/Frameworks";
				PRODUCT_BUNDLE_IDENTIFIER = com.xiaomaoqiu.QWAlertTests;
				PRODUCT_NAME = "$(TARGET_NAME)";
				TEST_HOST = "$(BUILT_PRODUCTS_DIR)/QWAlert.app/QWAlert";
			};
			name = Debug;
		};
		D656EC1D1EF7BCF900752445 /* Release */ = {
			isa = XCBuildConfiguration;
			buildSettings = {
				BUNDLE_LOADER = "$(TEST_HOST)";
				INFOPLIST_FILE = QWAlertTests/Info.plist;
				LD_RUNPATH_SEARCH_PATHS = "$(inherited) @executable_path/Frameworks @loader_path/Frameworks";
				PRODUCT_BUNDLE_IDENTIFIER = com.xiaomaoqiu.QWAlertTests;
				PRODUCT_NAME = "$(TARGET_NAME)";
				TEST_HOST = "$(BUILT_PRODUCTS_DIR)/QWAlert.app/QWAlert";
			};
			name = Release;
		};
		D656EC1F1EF7BCF900752445 /* Debug */ = {
			isa = XCBuildConfiguration;
			buildSettings = {
				INFOPLIST_FILE = QWAlertUITests/Info.plist;
				LD_RUNPATH_SEARCH_PATHS = "$(inherited) @executable_path/Frameworks @loader_path/Frameworks";
				PRODUCT_BUNDLE_IDENTIFIER = com.xiaomaoqiu.QWAlertUITests;
				PRODUCT_NAME = "$(TARGET_NAME)";
				TEST_TARGET_NAME = QWAlert;
			};
			name = Debug;
		};
		D656EC201EF7BCF900752445 /* Release */ = {
			isa = XCBuildConfiguration;
			buildSettings = {
				INFOPLIST_FILE = QWAlertUITests/Info.plist;
				LD_RUNPATH_SEARCH_PATHS = "$(inherited) @executable_path/Frameworks @loader_path/Frameworks";
				PRODUCT_BUNDLE_IDENTIFIER = com.xiaomaoqiu.QWAlertUITests;
				PRODUCT_NAME = "$(TARGET_NAME)";
				TEST_TARGET_NAME = QWAlert;
			};
			name = Release;
		};
/* End XCBuildConfiguration section */

/* Begin XCConfigurationList section */
		D656EBE61EF7BCF800752445 /* Build configuration list for PBXProject "QWAlert" */ = {
			isa = XCConfigurationList;
			buildConfigurations = (
				D656EC161EF7BCF900752445 /* Debug */,
				D656EC171EF7BCF900752445 /* Release */,
			);
			defaultConfigurationIsVisible = 0;
			defaultConfigurationName = Release;
		};
		D656EC181EF7BCF900752445 /* Build configuration list for PBXNativeTarget "QWAlert" */ = {
			isa = XCConfigurationList;
			buildConfigurations = (
				D656EC191EF7BCF900752445 /* Debug */,
				D656EC1A1EF7BCF900752445 /* Release */,
			);
			defaultConfigurationIsVisible = 0;
			defaultConfigurationName = Release;
		};
		D656EC1B1EF7BCF900752445 /* Build configuration list for PBXNativeTarget "QWAlertTests" */ = {
			isa = XCConfigurationList;
			buildConfigurations = (
				D656EC1C1EF7BCF900752445 /* Debug */,
				D656EC1D1EF7BCF900752445 /* Release */,
			);
			defaultConfigurationIsVisible = 0;
			defaultConfigurationName = Release;
		};
		D656EC1E1EF7BCF900752445 /* Build configuration list for PBXNativeTarget "QWAlertUITests" */ = {
			isa = XCConfigurationList;
			buildConfigurations = (
				D656EC1F1EF7BCF900752445 /* Debug */,
				D656EC201EF7BCF900752445 /* Release */,
			);
			defaultConfigurationIsVisible = 0;
			defaultConfigurationName = Release;
		};
/* End XCConfigurationList section */
	};
	rootObject = D656EBE31EF7BCF800752445 /* Project object */;
}
